<?xml version="1.0" encoding="utf-8"?>
<Project ToolsVersion="4.0" xmlns="http://schemas.microsoft.com/developer/msbuild/2003">
  <ItemGroup>
    <Filter Include="Source Files">
      <UniqueIdentifier>{4FC737F1-C7A5-4376-A066-2A32D752A2FF}</UniqueIdentifier>
      <Extensions>h;hh;hpp;hxx;hm;inl;inc;xsd;cpp;c;cc;cxx;def;odl;idl;hpj;bat;asm;asmx</Extensions>
    </Filter>
    <Filter Include="Resource Files">
      <UniqueIdentifier>{67DA6AB6-F800-4c08-8B7A-83BB121AAD01}</UniqueIdentifier>
      <Extensions>rc;ico;cur;bmp;dlg;rc2;rct;bin;rgs;gif;jpg;jpeg;jpe;resx;tiff;tif;png;wav;mfcribbon-ms</Extensions>
    </Filter>
    <Filter Include="Source Files\App">
      <UniqueIdentifier>{fed06ce3-e7f1-4258-b67e-16ab57bcc72b}</UniqueIdentifier>
    </Filter>
    <Filter Include="Source Files\Chrono">
      <UniqueIdentifier>{84537b5a-9422-46a8-a567-6edf859e1f02}</UniqueIdentifier>
    </Filter>
    <Filter Include="Source Files\Core">
      <UniqueIdentifier>{3d3b81c3-f2d8-4706-9827-00560bc2ebcc}</UniqueIdentifier>
    </Filter>
    <Filter Include="Source Files\Graph">
      <UniqueIdentifier>{99b726af-d19e-438c-9267-2cd3606e3883}</UniqueIdentifier>
    </Filter>
    <Filter Include="Source Files\Math">
      <UniqueIdentifier>{be43b078-a3ca-456d-90d5-0ee2dd81455c}</UniqueIdentifier>
    </Filter>
    <Filter Include="Source Files\Memory">
      <UniqueIdentifier>{be5b4376-c726-4134-a869-b48dbc9e5a52}</UniqueIdentifier>
    </Filter>
    <Filter Include="Source Files\Misc">
      <UniqueIdentifier>{807bebc7-faeb-432f-b323-9d8e564f34f9}</UniqueIdentifier>
    </Filter>
    <Filter Include="Source Files\Net">
      <UniqueIdentifier>{46b048e7-b401-46e3-813e-e2964826a232}</UniqueIdentifier>
    </Filter>
    <Filter Include="Source Files\Object">
      <UniqueIdentifier>{26106f1f-0547-4caf-9f0a-1d0701ca62d9}</UniqueIdentifier>
    </Filter>
    <Filter Include="Source Files\String">
      <UniqueIdentifier>{d2e9607d-3533-464e-9e97-3949dba9a246}</UniqueIdentifier>
    </Filter>
    <Filter Include="Source Files\Thread">
      <UniqueIdentifier>{f4906503-8a4b-4cc8-b1f8-6f41c5c182fe}</UniqueIdentifier>
    </Filter>
    <Filter Include="Source Files\Math\Alge">
      <UniqueIdentifier>{94a436a5-1ec3-4cef-927e-f444299cbcdb}</UniqueIdentifier>
    </Filter>
    <Filter Include="Source Files\Thread\Condition">
      <UniqueIdentifier>{ad7662cf-53fc-4bf6-9c8d-2ec82948ea34}</UniqueIdentifier>
    </Filter>
    <Filter Include="Source Files\Math\NumAnalysis">
      <UniqueIdentifier>{55679939-2caf-4bb2-b0a1-df0c78513c16}</UniqueIdentifier>
    </Filter>
    <Filter Include="Source Files\Math\Random">
      <UniqueIdentifier>{9ae47d56-d03d-4045-80bd-6f3338b0b5f4}</UniqueIdentifier>
    </Filter>
    <Filter Include="Source Files\Math\Random\Dist">
      <UniqueIdentifier>{ad660e5c-1794-4ff3-8462-a9b43cff73af}</UniqueIdentifier>
    </Filter>
    <Filter Include="Source Files\Thread\Future">
      <UniqueIdentifier>{678a95e5-e611-41fc-8543-421245427239}</UniqueIdentifier>
    </Filter>
    <Filter Include="Source Files\Thread\Lock">
      <UniqueIdentifier>{649bbffd-8b66-496c-9d93-51cbeb60ff81}</UniqueIdentifier>
    </Filter>
    <Filter Include="Source Files\Thread\LockFree">
      <UniqueIdentifier>{0b6e3527-195e-454f-952f-42a11cc99d1e}</UniqueIdentifier>
    </Filter>
    <Filter Include="Source Files\Math\Alge\Matrix">
      <UniqueIdentifier>{8719f1fc-54bc-4b6f-87db-78a76e735cdf}</UniqueIdentifier>
    </Filter>
    <Filter Include="Source Files\Math\Alge\Vec">
      <UniqueIdentifier>{c84d9cc4-d217-4d3c-a39c-c21c2f734667}</UniqueIdentifier>
    </Filter>
    <Filter Include="Source Files\Math\Alge\Matrix\priv">
      <UniqueIdentifier>{5398d1ba-dc73-4136-958a-46fcd474d346}</UniqueIdentifier>
    </Filter>
    <Filter Include="Source Files\Math\Alge\Vec\priv">
      <UniqueIdentifier>{9eb4014b-0033-41c0-b890-619adbc99f6e}</UniqueIdentifier>
    </Filter>
    <Filter Include="Source Files\Chrono\platform">
      <UniqueIdentifier>{fa03f8e1-0f93-4bc3-aca7-fad37610fd54}</UniqueIdentifier>
    </Filter>
    <Filter Include="Source Files\Core\platform">
      <UniqueIdentifier>{f69e290a-0e53-470a-b958-852e79295176}</UniqueIdentifier>
    </Filter>
    <Filter Include="Source Files\Math\platform">
      <UniqueIdentifier>{fff6654e-e6f2-4573-aced-fd1d1ce471a5}</UniqueIdentifier>
    </Filter>
    <Filter Include="Source Files\Math\Alge\platform">
      <UniqueIdentifier>{1dd9dd11-e843-4f97-beff-36a2add6ea5b}</UniqueIdentifier>
    </Filter>
    <Filter Include="Source Files\Math\Alge\Matrix\platform">
      <UniqueIdentifier>{d427f0f0-0fee-4848-b56a-1eec9a4d5880}</UniqueIdentifier>
    </Filter>
    <Filter Include="Source Files\Math\Alge\Vec\platform">
      <UniqueIdentifier>{0117690e-38b3-4ff3-a582-1f11a48830f1}</UniqueIdentifier>
    </Filter>
    <Filter Include="Source Files\Math\Random\platform">
      <UniqueIdentifier>{62e556fb-a314-451d-9d5e-95b5b4b38bbd}</UniqueIdentifier>
    </Filter>
    <Filter Include="Source Files\Misc\platform">
      <UniqueIdentifier>{a71f9e9a-60fb-4fd8-94ef-89d8be746fa4}</UniqueIdentifier>
    </Filter>
    <Filter Include="Source Files\Net\platform">
      <UniqueIdentifier>{523a8171-23f0-4742-b953-06b79c1681ad}</UniqueIdentifier>
    </Filter>
    <Filter Include="Source Files\Thread\Condition\platform">
      <UniqueIdentifier>{679af449-9293-4905-b341-de520ecbc9e3}</UniqueIdentifier>
    </Filter>
    <Filter Include="Source Files\Thread\Lock\platform">
      <UniqueIdentifier>{6ba8e5a0-fa9a-4779-b6b0-3e94eae1f1e7}</UniqueIdentifier>
    </Filter>
    <Filter Include="Source Files\Thread\platform">
      <UniqueIdentifier>{f61f6a47-03f3-4ea6-9153-62eeb87cd838}</UniqueIdentifier>
    </Filter>
    <Filter Include="Source Files\Core\platform\priv">
      <UniqueIdentifier>{b1019b8e-c3e3-4ab0-aad3-15996272f314}</UniqueIdentifier>
    </Filter>
  </ItemGroup>
  <ItemGroup>
    <ClCompile Include="..\common\Honey\App\App.cpp">
      <Filter>Source Files\App</Filter>
    </ClCompile>
    <ClCompile Include="..\common\Honey\App\Module.cpp">
      <Filter>Source Files\App</Filter>
    </ClCompile>
    <ClCompile Include="..\common\Honey\Math\Alge\Matrix\Matrix4.cpp">
      <Filter>Source Files\Math\Alge\Matrix</Filter>
    </ClCompile>
    <ClCompile Include="..\common\Honey\Math\NumAnalysis\Bisect.cpp">
      <Filter>Source Files\Math\NumAnalysis</Filter>
    </ClCompile>
    <ClCompile Include="..\common\Honey\Math\NumAnalysis\BisectN.cpp">
      <Filter>Source Files\Math\NumAnalysis</Filter>
    </ClCompile>
    <ClCompile Include="..\common\Honey\Math\NumAnalysis\Eigen.cpp">
      <Filter>Source Files\Math\NumAnalysis</Filter>
    </ClCompile>
    <ClCompile Include="..\common\Honey\Math\NumAnalysis\Interp.cpp">
      <Filter>Source Files\Math\NumAnalysis</Filter>
    </ClCompile>
    <ClCompile Include="..\common\Honey\Math\NumAnalysis\LinearLeastSqr.cpp">
      <Filter>Source Files\Math\NumAnalysis</Filter>
    </ClCompile>
    <ClCompile Include="..\common\Honey\Math\NumAnalysis\Minimize.cpp">
      <Filter>Source Files\Math\NumAnalysis</Filter>
    </ClCompile>
    <ClCompile Include="..\common\Honey\Math\NumAnalysis\MinimizeN.cpp">
      <Filter>Source Files\Math\NumAnalysis</Filter>
    </ClCompile>
    <ClCompile Include="..\common\Honey\Math\NumAnalysis\Polynomial.cpp">
      <Filter>Source Files\Math\NumAnalysis</Filter>
    </ClCompile>
    <ClCompile Include="..\common\Honey\Math\NumAnalysis\Qrd.cpp">
      <Filter>Source Files\Math\NumAnalysis</Filter>
    </ClCompile>
    <ClCompile Include="..\common\Honey\Math\NumAnalysis\Svd.cpp">
      <Filter>Source Files\Math\NumAnalysis</Filter>
    </ClCompile>
    <ClCompile Include="..\common\Honey\Math\Random\Dist\Beta.cpp">
      <Filter>Source Files\Math\Random\Dist</Filter>
    </ClCompile>
    <ClCompile Include="..\common\Honey\Math\Random\Dist\Binomial.cpp">
      <Filter>Source Files\Math\Random\Dist</Filter>
    </ClCompile>
    <ClCompile Include="..\common\Honey\Math\Random\Dist\BinomialNeg.cpp">
      <Filter>Source Files\Math\Random\Dist</Filter>
    </ClCompile>
    <ClCompile Include="..\common\Honey\Math\Random\Dist\ChiSqr.cpp">
      <Filter>Source Files\Math\Random\Dist</Filter>
    </ClCompile>
    <ClCompile Include="..\common\Honey\Math\Random\Dist\Discrete.cpp">
      <Filter>Source Files\Math\Random\Dist</Filter>
    </ClCompile>
    <ClCompile Include="..\common\Honey\Math\Random\Dist\DiscreteGen.cpp">
      <Filter>Source Files\Math\Random\Dist</Filter>
    </ClCompile>
    <ClCompile Include="..\common\Honey\Math\Random\Dist\Dist.cpp">
      <Filter>Source Files\Math\Random\Dist</Filter>
    </ClCompile>
    <ClCompile Include="..\common\Honey\Math\Random\Dist\Gamma.cpp">
      <Filter>Source Files\Math\Random\Dist</Filter>
    </ClCompile>
    <ClCompile Include="..\common\Honey\Math\Random\Dist\Gaussian.cpp">
      <Filter>Source Files\Math\Random\Dist</Filter>
    </ClCompile>
    <ClCompile Include="..\common\Honey\Math\Random\Dist\HyperGeo.cpp">
      <Filter>Source Files\Math\Random\Dist</Filter>
    </ClCompile>
    <ClCompile Include="..\common\Honey\Math\Random\Dist\Poisson.cpp">
      <Filter>Source Files\Math\Random\Dist</Filter>
    </ClCompile>
    <ClCompile Include="..\common\Honey\Math\Random\Dist\StudentT.cpp">
      <Filter>Source Files\Math\Random\Dist</Filter>
    </ClCompile>
    <ClCompile Include="..\common\Honey\Math\Random\Dist\Uniform.cpp">
      <Filter>Source Files\Math\Random\Dist</Filter>
    </ClCompile>
    <ClCompile Include="..\common\Honey\Math\Random\Dist\Weibull.cpp">
      <Filter>Source Files\Math\Random\Dist</Filter>
    </ClCompile>
    <ClCompile Include="..\common\Honey\Math\Random\Chacha.cpp">
      <Filter>Source Files\Math\Random</Filter>
    </ClCompile>
    <ClCompile Include="..\common\Honey\Math\Random\Random.cpp">
      <Filter>Source Files\Math\Random</Filter>
    </ClCompile>
    <ClCompile Include="..\common\Honey\Math\Random\Simplex.cpp">
      <Filter>Source Files\Math\Random</Filter>
    </ClCompile>
    <ClCompile Include="..\common\Honey\Memory\Pool.cpp">
      <Filter>Source Files\Memory</Filter>
    </ClCompile>
    <ClCompile Include="..\common\Honey\Misc\BloomFilter.cpp">
      <Filter>Source Files\Misc</Filter>
    </ClCompile>
    <ClCompile Include="..\common\Honey\Misc\Log.cpp">
      <Filter>Source Files\Misc</Filter>
    </ClCompile>
    <ClCompile Include="..\common\Honey\Net\Socket.cpp">
      <Filter>Source Files\Net</Filter>
    </ClCompile>
    <ClCompile Include="..\common\Honey\Object\ComObject.cpp">
      <Filter>Source Files\Object</Filter>
    </ClCompile>
    <ClCompile Include="..\common\Honey\Object\Component.cpp">
      <Filter>Source Files\Object</Filter>
    </ClCompile>
    <ClCompile Include="..\common\Honey\Object\ListenerList.cpp">
      <Filter>Source Files\Object</Filter>
    </ClCompile>
    <ClCompile Include="..\common\Honey\String\Bytes.cpp">
      <Filter>Source Files\String</Filter>
    </ClCompile>
    <ClCompile Include="..\common\Honey\String\Encode.cpp">
      <Filter>Source Files\String</Filter>
    </ClCompile>
    <ClCompile Include="..\common\Honey\String\Hash.cpp">
      <Filter>Source Files\String</Filter>
    </ClCompile>
    <ClCompile Include="..\common\Honey\String\Json.cpp">
      <Filter>Source Files\String</Filter>
    </ClCompile>
    <ClCompile Include="..\common\Honey\String\String.cpp">
      <Filter>Source Files\String</Filter>
    </ClCompile>
    <ClCompile Include="..\common\Honey\String\Util.cpp">
      <Filter>Source Files\String</Filter>
    </ClCompile>
    <ClCompile Include="..\common\Honey\Thread\Future\Util.cpp">
      <Filter>Source Files\Thread\Future</Filter>
    </ClCompile>
    <ClCompile Include="..\common\Honey\Thread\Lock\SharedMutex.cpp">
      <Filter>Source Files\Thread\Lock</Filter>
    </ClCompile>
    <ClCompile Include="..\common\Honey\Thread\Lock\Spin.cpp">
      <Filter>Source Files\Thread\Lock</Filter>
    </ClCompile>
    <ClCompile Include="..\common\Honey\Thread\Lock\TimedMutex.cpp">
      <Filter>Source Files\Thread\Lock</Filter>
    </ClCompile>
    <ClCompile Include="..\common\Honey\Thread\DepTask.cpp">
      <Filter>Source Files\Thread</Filter>
    </ClCompile>
    <ClCompile Include="..\common\Honey\Thread\PeriodicTask.cpp">
      <Filter>Source Files\Thread</Filter>
    </ClCompile>
    <ClCompile Include="..\common\Honey\Thread\Pool.cpp">
      <Filter>Source Files\Thread</Filter>
    </ClCompile>
    <ClCompile Include="..\common\Honey\Thread\Thread.cpp">
      <Filter>Source Files\Thread</Filter>
    </ClCompile>
    <ClCompile Include="Honey\Math\Alge\Vec\platform\Vec2.cpp">
      <Filter>Source Files\Math\Alge\Vec\platform</Filter>
    </ClCompile>
    <ClCompile Include="Honey\Math\Alge\Vec\platform\Vec3.cpp">
      <Filter>Source Files\Math\Alge\Vec\platform</Filter>
    </ClCompile>
    <ClCompile Include="Honey\Math\Alge\Vec\platform\Vec4.cpp">
      <Filter>Source Files\Math\Alge\Vec\platform</Filter>
    </ClCompile>
    <ClCompile Include="Honey\Chrono\platform\Clock.cpp">
      <Filter>Source Files\Chrono\platform</Filter>
    </ClCompile>
    <ClCompile Include="Honey\Misc\platform\Debug.cpp">
      <Filter>Source Files\Misc\platform</Filter>
    </ClCompile>
    <ClCompile Include="Honey\Thread\platform\Thread.cpp">
      <Filter>Source Files\Thread\platform</Filter>
    </ClCompile>
    <ClCompile Include="Honey\Thread\Condition\platform\Condition.cpp">
      <Filter>Source Files\Thread\Condition\platform</Filter>
    </ClCompile>
    <ClCompile Include="Honey\Thread\Lock\platform\Mutex.cpp">
      <Filter>Source Files\Thread\Lock\platform</Filter>
    </ClCompile>
    <ClCompile Include="Honey\Math\Random\platform\Random.cpp">
      <Filter>Source Files\Math\Random\platform</Filter>
    </ClCompile>
    <ClCompile Include="Honey\Net\platform\Socket.cpp">
      <Filter>Source Files\Net\platform</Filter>
    </ClCompile>
    <ClCompile Include="Honeycomb_pch.cpp">
      <Filter>Source Files</Filter>
    </ClCompile>
    <ClCompile Include="..\common\Honey\Math\Alge\Alge.cpp">
      <Filter>Source Files\Math\Alge</Filter>
    </ClCompile>
    <ClCompile Include="..\common\Honey\Math\Alge\Quat.cpp">
      <Filter>Source Files\Math\Alge</Filter>
    </ClCompile>
    <ClCompile Include="..\common\Honey\Math\Alge\Transform.cpp">
      <Filter>Source Files\Math\Alge</Filter>
    </ClCompile>
    <ClCompile Include="..\common\Honey\Math\Alge\Trig.cpp">
      <Filter>Source Files\Math\Alge</Filter>
    </ClCompile>
    <ClCompile Include="..\common\Honey\Math\Double.cpp">
      <Filter>Source Files\Math</Filter>
    </ClCompile>
    <ClCompile Include="..\common\Honey\Math\Float.cpp">
      <Filter>Source Files\Math</Filter>
    </ClCompile>
    <ClCompile Include="..\common\Honey\Math\Quad.cpp">
      <Filter>Source Files\Math</Filter>
    </ClCompile>
  </ItemGroup>
  <ItemGroup>
    <ClInclude Include="..\common\Honey\App\App.h">
      <Filter>Source Files\App</Filter>
    </ClInclude>
    <ClInclude Include="..\common\Honey\App\Module.h">
      <Filter>Source Files\App</Filter>
    </ClInclude>
    <ClInclude Include="..\common\Honey\Chrono\Clock.h">
      <Filter>Source Files\Chrono</Filter>
    </ClInclude>
    <ClInclude Include="..\common\Honey\Chrono\Duration.h">
      <Filter>Source Files\Chrono</Filter>
    </ClInclude>
    <ClInclude Include="..\common\Honey\Chrono\TimePoint.h">
      <Filter>Source Files\Chrono</Filter>
    </ClInclude>
    <ClInclude Include="..\common\Honey\Core\Core.h">
      <Filter>Source Files\Core</Filter>
    </ClInclude>
    <ClInclude Include="..\common\Honey\Core\Meta.h">
      <Filter>Source Files\Core</Filter>
    </ClInclude>
    <ClInclude Include="..\common\Honey\Core\Preprocessor.h">
      <Filter>Source Files\Core</Filter>
    </ClInclude>
    <ClInclude Include="..\common\Honey\Graph\Dep.h">
      <Filter>Source Files\Graph</Filter>
    </ClInclude>
    <ClInclude Include="..\common\Honey\Graph\Tree.h">
      <Filter>Source Files\Graph</Filter>
    </ClInclude>
    <ClInclude Include="..\common\Honey\Graph\TreeClone.h">
      <Filter>Source Files\Graph</Filter>
    </ClInclude>
    <ClInclude Include="..\common\Honey\Math\Alge\Matrix\priv\Storage.h">
      <Filter>Source Files\Math\Alge\Matrix\priv</Filter>
    </ClInclude>
    <ClInclude Include="..\common\Honey\Math\Alge\Matrix\Base.h">
      <Filter>Source Files\Math\Alge\Matrix</Filter>
    </ClInclude>
    <ClInclude Include="..\common\Honey\Math\Alge\Matrix\Block.h">
      <Filter>Source Files\Math\Alge\Matrix</Filter>
    </ClInclude>
    <ClInclude Include="..\common\Honey\Math\Alge\Matrix\Builder.h">
      <Filter>Source Files\Math\Alge\Matrix</Filter>
    </ClInclude>
    <ClInclude Include="..\common\Honey\Math\Alge\Matrix\Iter.h">
      <Filter>Source Files\Math\Alge\Matrix</Filter>
    </ClInclude>
    <ClInclude Include="..\common\Honey\Math\Alge\Matrix\Matrix.h">
      <Filter>Source Files\Math\Alge\Matrix</Filter>
    </ClInclude>
    <ClInclude Include="..\common\Honey\Math\Alge\Matrix\Matrix4.h">
      <Filter>Source Files\Math\Alge\Matrix</Filter>
    </ClInclude>
    <ClInclude Include="..\common\Honey\Math\Alge\Matrix\Traits.h">
      <Filter>Source Files\Math\Alge\Matrix</Filter>
    </ClInclude>
    <ClInclude Include="..\common\Honey\Math\Alge\Vec\Base.h">
      <Filter>Source Files\Math\Alge\Vec</Filter>
    </ClInclude>
    <ClInclude Include="..\common\Honey\Math\Alge\Vec\Swiz.h">
      <Filter>Source Files\Math\Alge\Vec</Filter>
    </ClInclude>
    <ClInclude Include="..\common\Honey\Math\Alge\Vec\Vec.h">
      <Filter>Source Files\Math\Alge\Vec</Filter>
    </ClInclude>
    <ClInclude Include="..\common\Honey\Math\Alge\Vec\Vec1.h">
      <Filter>Source Files\Math\Alge\Vec</Filter>
    </ClInclude>
    <ClInclude Include="..\common\Honey\Math\Alge\Vec\Vec2.h">
      <Filter>Source Files\Math\Alge\Vec</Filter>
    </ClInclude>
    <ClInclude Include="..\common\Honey\Math\Alge\Vec\Vec3.h">
      <Filter>Source Files\Math\Alge\Vec</Filter>
    </ClInclude>
    <ClInclude Include="..\common\Honey\Math\Alge\Vec\Vec4.h">
      <Filter>Source Files\Math\Alge\Vec</Filter>
    </ClInclude>
    <ClInclude Include="..\common\Honey\Math\Alge\Vec\priv\Storage.h">
      <Filter>Source Files\Math\Alge\Vec\priv</Filter>
    </ClInclude>
    <ClInclude Include="..\common\Honey\Math\NumAnalysis\BackSub.h">
      <Filter>Source Files\Math\NumAnalysis</Filter>
    </ClInclude>
    <ClInclude Include="..\common\Honey\Math\NumAnalysis\Bisect.h">
      <Filter>Source Files\Math\NumAnalysis</Filter>
    </ClInclude>
    <ClInclude Include="..\common\Honey\Math\NumAnalysis\BisectN.h">
      <Filter>Source Files\Math\NumAnalysis</Filter>
    </ClInclude>
    <ClInclude Include="..\common\Honey\Math\NumAnalysis\Eigen.h">
      <Filter>Source Files\Math\NumAnalysis</Filter>
    </ClInclude>
    <ClInclude Include="..\common\Honey\Math\NumAnalysis\Interp.h">
      <Filter>Source Files\Math\NumAnalysis</Filter>
    </ClInclude>
    <ClInclude Include="..\common\Honey\Math\NumAnalysis\LinearLeastSqr.h">
      <Filter>Source Files\Math\NumAnalysis</Filter>
    </ClInclude>
    <ClInclude Include="..\common\Honey\Math\NumAnalysis\Minimize.h">
      <Filter>Source Files\Math\NumAnalysis</Filter>
    </ClInclude>
    <ClInclude Include="..\common\Honey\Math\NumAnalysis\MinimizeN.h">
      <Filter>Source Files\Math\NumAnalysis</Filter>
    </ClInclude>
    <ClInclude Include="..\common\Honey\Math\NumAnalysis\Polynomial.h">
      <Filter>Source Files\Math\NumAnalysis</Filter>
    </ClInclude>
    <ClInclude Include="..\common\Honey\Math\NumAnalysis\Qrd.h">
      <Filter>Source Files\Math\NumAnalysis</Filter>
    </ClInclude>
    <ClInclude Include="..\common\Honey\Math\NumAnalysis\Svd.h">
      <Filter>Source Files\Math\NumAnalysis</Filter>
    </ClInclude>
    <ClInclude Include="..\common\Honey\Math\Random\Dist\Beta.h">
      <Filter>Source Files\Math\Random\Dist</Filter>
    </ClInclude>
    <ClInclude Include="..\common\Honey\Math\Random\Dist\Binomial.h">
      <Filter>Source Files\Math\Random\Dist</Filter>
    </ClInclude>
    <ClInclude Include="..\common\Honey\Math\Random\Dist\BinomialNeg.h">
      <Filter>Source Files\Math\Random\Dist</Filter>
    </ClInclude>
    <ClInclude Include="..\common\Honey\Math\Random\Dist\ChiSqr.h">
      <Filter>Source Files\Math\Random\Dist</Filter>
    </ClInclude>
    <ClInclude Include="..\common\Honey\Math\Random\Dist\Discrete.h">
      <Filter>Source Files\Math\Random\Dist</Filter>
    </ClInclude>
    <ClInclude Include="..\common\Honey\Math\Random\Dist\DiscreteGen.h">
      <Filter>Source Files\Math\Random\Dist</Filter>
    </ClInclude>
    <ClInclude Include="..\common\Honey\Math\Random\Dist\Dist.h">
      <Filter>Source Files\Math\Random\Dist</Filter>
    </ClInclude>
    <ClInclude Include="..\common\Honey\Math\Random\Dist\Gamma.h">
      <Filter>Source Files\Math\Random\Dist</Filter>
    </ClInclude>
    <ClInclude Include="..\common\Honey\Math\Random\Dist\Gaussian.h">
      <Filter>Source Files\Math\Random\Dist</Filter>
    </ClInclude>
    <ClInclude Include="..\common\Honey\Math\Random\Dist\HyperGeo.h">
      <Filter>Source Files\Math\Random\Dist</Filter>
    </ClInclude>
    <ClInclude Include="..\common\Honey\Math\Random\Dist\Poisson.h">
      <Filter>Source Files\Math\Random\Dist</Filter>
    </ClInclude>
    <ClInclude Include="..\common\Honey\Math\Random\Dist\StudentT.h">
      <Filter>Source Files\Math\Random\Dist</Filter>
    </ClInclude>
    <ClInclude Include="..\common\Honey\Math\Random\Dist\Uniform.h">
      <Filter>Source Files\Math\Random\Dist</Filter>
    </ClInclude>
    <ClInclude Include="..\common\Honey\Math\Random\Dist\Weibull.h">
      <Filter>Source Files\Math\Random\Dist</Filter>
    </ClInclude>
    <ClInclude Include="..\common\Honey\Math\Random\Bootstrap.h">
      <Filter>Source Files\Math\Random</Filter>
    </ClInclude>
    <ClInclude Include="..\common\Honey\Math\Random\Chacha.h">
      <Filter>Source Files\Math\Random</Filter>
    </ClInclude>
    <ClInclude Include="..\common\Honey\Math\Random\Gen.h">
      <Filter>Source Files\Math\Random</Filter>
    </ClInclude>
    <ClInclude Include="..\common\Honey\Math\Random\Permute.h">
      <Filter>Source Files\Math\Random</Filter>
    </ClInclude>
    <ClInclude Include="..\common\Honey\Math\Random\Random.h">
      <Filter>Source Files\Math\Random</Filter>
    </ClInclude>
    <ClInclude Include="..\common\Honey\Math\Random\Simplex.h">
      <Filter>Source Files\Math\Random</Filter>
    </ClInclude>
    <ClInclude Include="..\common\Honey\Math\Random\Vegas.h">
      <Filter>Source Files\Math\Random</Filter>
    </ClInclude>
    <ClInclude Include="..\common\Honey\Memory\Allocator.h">
      <Filter>Source Files\Memory</Filter>
    </ClInclude>
    <ClInclude Include="..\common\Honey\Memory\Buffer.h">
      <Filter>Source Files\Memory</Filter>
    </ClInclude>
    <ClInclude Include="..\common\Honey\Memory\Pool.h">
      <Filter>Source Files\Memory</Filter>
    </ClInclude>
    <ClInclude Include="..\common\Honey\Memory\SharedPtr.h">
      <Filter>Source Files\Memory</Filter>
    </ClInclude>
    <ClInclude Include="..\common\Honey\Memory\SmallAllocator.h">
      <Filter>Source Files\Memory</Filter>
    </ClInclude>
    <ClInclude Include="..\common\Honey\Memory\UniquePtr.h">
      <Filter>Source Files\Memory</Filter>
    </ClInclude>
    <ClInclude Include="..\common\Honey\Misc\BitOp.h">
      <Filter>Source Files\Misc</Filter>
    </ClInclude>
    <ClInclude Include="..\common\Honey\Misc\BitSet.h">
      <Filter>Source Files\Misc</Filter>
    </ClInclude>
    <ClInclude Include="..\common\Honey\Misc\BloomFilter.h">
      <Filter>Source Files\Misc</Filter>
    </ClInclude>
    <ClInclude Include="..\common\Honey\Misc\Debug.h">
      <Filter>Source Files\Misc</Filter>
    </ClInclude>
    <ClInclude Include="..\common\Honey\Misc\Enum.h">
      <Filter>Source Files\Misc</Filter>
    </ClInclude>
    <ClInclude Include="..\common\Honey\Misc\Exception.h">
      <Filter>Source Files\Misc</Filter>
    </ClInclude>
    <ClInclude Include="..\common\Honey\Misc\Lazy.h">
      <Filter>Source Files\Misc</Filter>
    </ClInclude>
    <ClInclude Include="..\common\Honey\Misc\Log.h">
      <Filter>Source Files\Misc</Filter>
    </ClInclude>
    <ClInclude Include="..\common\Honey\Misc\MtMap.h">
      <Filter>Source Files\Misc</Filter>
    </ClInclude>
    <ClInclude Include="..\common\Honey\Misc\Optional.h">
      <Filter>Source Files\Misc</Filter>
    </ClInclude>
    <ClInclude Include="..\common\Honey\Misc\Range.h">
      <Filter>Source Files\Misc</Filter>
    </ClInclude>
    <ClInclude Include="..\common\Honey\Misc\ScopeGuard.h">
      <Filter>Source Files\Misc</Filter>
    </ClInclude>
    <ClInclude Include="..\common\Honey\Misc\StdUtil.h">
      <Filter>Source Files\Misc</Filter>
    </ClInclude>
    <ClInclude Include="..\common\Honey\Misc\Variant.h">
      <Filter>Source Files\Misc</Filter>
    </ClInclude>
    <ClInclude Include="..\common\Honey\Net\Socket.h">
      <Filter>Source Files\Net</Filter>
    </ClInclude>
    <ClInclude Include="..\common\Honey\Net\Stream.h">
      <Filter>Source Files\Net</Filter>
    </ClInclude>
    <ClInclude Include="..\common\Honey\Object\ComObject.h">
      <Filter>Source Files\Object</Filter>
    </ClInclude>
    <ClInclude Include="..\common\Honey\Object\Component.h">
      <Filter>Source Files\Object</Filter>
    </ClInclude>
    <ClInclude Include="..\common\Honey\Object\Listener.h">
      <Filter>Source Files\Object</Filter>
    </ClInclude>
    <ClInclude Include="..\common\Honey\Object\ListenerList.h">
      <Filter>Source Files\Object</Filter>
    </ClInclude>
    <ClInclude Include="..\common\Honey\Object\ListenerQueue.h">
      <Filter>Source Files\Object</Filter>
    </ClInclude>
    <ClInclude Include="..\common\Honey\Object\Object.h">
      <Filter>Source Files\Object</Filter>
    </ClInclude>
    <ClInclude Include="..\common\Honey\Object\Property.h">
      <Filter>Source Files\Object</Filter>
    </ClInclude>
    <ClInclude Include="..\common\Honey\Object\PropertyList.h">
      <Filter>Source Files\Object</Filter>
    </ClInclude>
    <ClInclude Include="..\common\Honey\Object\PropertyObject.h">
      <Filter>Source Files\Object</Filter>
    </ClInclude>
    <ClInclude Include="..\common\Honey\Object\Signal.h">
      <Filter>Source Files\Object</Filter>
    </ClInclude>
    <ClInclude Include="..\common\Honey\String\Bytes.h">
      <Filter>Source Files\String</Filter>
    </ClInclude>
    <ClInclude Include="..\common\Honey\String\ByteStream.h">
      <Filter>Source Files\String</Filter>
    </ClInclude>
    <ClInclude Include="..\common\Honey\String\Encode.h">
      <Filter>Source Files\String</Filter>
    </ClInclude>
    <ClInclude Include="..\common\Honey\String\Hash.h">
      <Filter>Source Files\String</Filter>
    </ClInclude>
    <ClInclude Include="..\common\Honey\String\Id.h">
      <Filter>Source Files\String</Filter>
    </ClInclude>
    <ClInclude Include="..\common\Honey\String\Json.h">
      <Filter>Source Files\String</Filter>
    </ClInclude>
    <ClInclude Include="..\common\Honey\String\Stream.h">
      <Filter>Source Files\String</Filter>
    </ClInclude>
    <ClInclude Include="..\common\Honey\String\String.h">
      <Filter>Source Files\String</Filter>
    </ClInclude>
    <ClInclude Include="..\common\Honey\String\Util.h">
      <Filter>Source Files\String</Filter>
    </ClInclude>
    <ClInclude Include="..\common\Honey\Thread\Condition\Any.h">
      <Filter>Source Files\Thread\Condition</Filter>
    </ClInclude>
    <ClInclude Include="..\common\Honey\Thread\Condition\Condition.h">
      <Filter>Source Files\Thread\Condition</Filter>
    </ClInclude>
    <ClInclude Include="..\common\Honey\Thread\Condition\Lock.h">
      <Filter>Source Files\Thread\Condition</Filter>
    </ClInclude>
    <ClInclude Include="..\common\Honey\Thread\Future\Future.h">
      <Filter>Source Files\Thread\Future</Filter>
    </ClInclude>
    <ClInclude Include="..\common\Honey\Thread\Future\PackagedTask.h">
      <Filter>Source Files\Thread\Future</Filter>
    </ClInclude>
    <ClInclude Include="..\common\Honey\Thread\Future\Promise.h">
      <Filter>Source Files\Thread\Future</Filter>
    </ClInclude>
    <ClInclude Include="..\common\Honey\Thread\Future\SharedFuture.h">
      <Filter>Source Files\Thread\Future</Filter>
    </ClInclude>
    <ClInclude Include="..\common\Honey\Thread\Future\Util.h">
      <Filter>Source Files\Thread\Future</Filter>
    </ClInclude>
    <ClInclude Include="..\common\Honey\Thread\Lock\Mutex.h">
      <Filter>Source Files\Thread\Lock</Filter>
    </ClInclude>
    <ClInclude Include="..\common\Honey\Thread\Lock\Shared.h">
      <Filter>Source Files\Thread\Lock</Filter>
    </ClInclude>
    <ClInclude Include="..\common\Honey\Thread\Lock\SharedMutex.h">
      <Filter>Source Files\Thread\Lock</Filter>
    </ClInclude>
    <ClInclude Include="..\common\Honey\Thread\Lock\Spin.h">
      <Filter>Source Files\Thread\Lock</Filter>
    </ClInclude>
    <ClInclude Include="..\common\Honey\Thread\Lock\TimedMutex.h">
      <Filter>Source Files\Thread\Lock</Filter>
    </ClInclude>
    <ClInclude Include="..\common\Honey\Thread\Lock\Transfer.h">
      <Filter>Source Files\Thread\Lock</Filter>
    </ClInclude>
    <ClInclude Include="..\common\Honey\Thread\Lock\Unique.h">
      <Filter>Source Files\Thread\Lock</Filter>
    </ClInclude>
    <ClInclude Include="..\common\Honey\Thread\Lock\Util.h">
      <Filter>Source Files\Thread\Lock</Filter>
    </ClInclude>
    <ClInclude Include="..\common\Honey\Thread\LockFree\Backoff.h">
      <Filter>Source Files\Thread\LockFree</Filter>
    </ClInclude>
    <ClInclude Include="..\common\Honey\Thread\LockFree\FreeList.h">
      <Filter>Source Files\Thread\LockFree</Filter>
    </ClInclude>
    <ClInclude Include="..\common\Honey\Thread\LockFree\HazardMem.h">
      <Filter>Source Files\Thread\LockFree</Filter>
    </ClInclude>
    <ClInclude Include="..\common\Honey\Thread\LockFree\List.h">
      <Filter>Source Files\Thread\LockFree</Filter>
    </ClInclude>
    <ClInclude Include="..\common\Honey\Thread\LockFree\Queue.h">
      <Filter>Source Files\Thread\LockFree</Filter>
    </ClInclude>
    <ClInclude Include="..\common\Honey\Thread\LockFree\SpscDeque.h">
      <Filter>Source Files\Thread\LockFree</Filter>
    </ClInclude>
    <ClInclude Include="..\common\Honey\Thread\LockFree\Stack.h">
      <Filter>Source Files\Thread\LockFree</Filter>
    </ClInclude>
    <ClInclude Include="..\common\Honey\Thread\LockFree\UnorderedMap.h">
      <Filter>Source Files\Thread\LockFree</Filter>
    </ClInclude>
    <ClInclude Include="..\common\Honey\Thread\Atomic.h">
      <Filter>Source Files\Thread</Filter>
    </ClInclude>
    <ClInclude Include="..\common\Honey\Thread\DepTask.h">
      <Filter>Source Files\Thread</Filter>
    </ClInclude>
    <ClInclude Include="..\common\Honey\Thread\PeriodicTask.h">
      <Filter>Source Files\Thread</Filter>
    </ClInclude>
    <ClInclude Include="..\common\Honey\Thread\Pool.h">
      <Filter>Source Files\Thread</Filter>
    </ClInclude>
    <ClInclude Include="..\common\Honey\Thread\Thread.h">
      <Filter>Source Files\Thread</Filter>
    </ClInclude>
    <ClInclude Include="Honey\Core\platform\priv\Core.h">
      <Filter>Source Files\Core\platform\priv</Filter>
    </ClInclude>
    <ClInclude Include="Honey\Core\platform\Core.h">
      <Filter>Source Files\Core\platform</Filter>
    </ClInclude>
    <ClInclude Include="Honey\Math\platform\Numeral.h">
      <Filter>Source Files\Math\platform</Filter>
    </ClInclude>
    <ClInclude Include="Honey\Math\Alge\platform\Quat.h">
      <Filter>Source Files\Math\Alge\platform</Filter>
    </ClInclude>
    <ClInclude Include="Honey\Math\Alge\Matrix\platform\Matrix4.h">
      <Filter>Source Files\Math\Alge\Matrix\platform</Filter>
    </ClInclude>
    <ClInclude Include="Honey\Math\Alge\Vec\platform\Vec2.h">
      <Filter>Source Files\Math\Alge\Vec\platform</Filter>
    </ClInclude>
    <ClInclude Include="Honey\Math\Alge\Vec\platform\Vec3.h">
      <Filter>Source Files\Math\Alge\Vec\platform</Filter>
    </ClInclude>
    <ClInclude Include="Honey\Math\Alge\Vec\platform\Vec4.h">
      <Filter>Source Files\Math\Alge\Vec\platform</Filter>
    </ClInclude>
    <ClInclude Include="Honey\Chrono\platform\Clock.h">
      <Filter>Source Files\Chrono\platform</Filter>
    </ClInclude>
    <ClInclude Include="Honey\Misc\platform\Debug.h">
      <Filter>Source Files\Misc\platform</Filter>
    </ClInclude>
    <ClInclude Include="Honey\Thread\platform\Atomic.h">
      <Filter>Source Files\Thread\platform</Filter>
    </ClInclude>
    <ClInclude Include="Honey\Thread\platform\Thread.h">
      <Filter>Source Files\Thread\platform</Filter>
    </ClInclude>
    <ClInclude Include="Honey\Thread\Condition\platform\Condition.h">
      <Filter>Source Files\Thread\Condition\platform</Filter>
    </ClInclude>
    <ClInclude Include="Honey\Thread\Lock\platform\Mutex.h">
      <Filter>Source Files\Thread\Lock\platform</Filter>
    </ClInclude>
    <ClInclude Include="Honey\Math\Random\platform\Random.h">
      <Filter>Source Files\Math\Random\platform</Filter>
    </ClInclude>
    <ClInclude Include="Honey\Net\platform\Socket.h">
      <Filter>Source Files\Net\platform</Filter>
    </ClInclude>
    <ClInclude Include="..\common\Honey\Honeycomb.h">
      <Filter>Source Files</Filter>
    </ClInclude>
    <ClInclude Include="..\common\Honey\Math\Alge\Alge.h">
      <Filter>Source Files\Math\Alge</Filter>
    </ClInclude>
    <ClInclude Include="..\common\Honey\Math\Alge\Quat.h">
      <Filter>Source Files\Math\Alge</Filter>
    </ClInclude>
    <ClInclude Include="..\common\Honey\Math\Alge\Transform.h">
      <Filter>Source Files\Math\Alge</Filter>
    </ClInclude>
    <ClInclude Include="..\common\Honey\Math\Alge\Trig.h">
      <Filter>Source Files\Math\Alge</Filter>
    </ClInclude>
    <ClInclude Include="..\common\Honey\Math\Double.h">
      <Filter>Source Files\Math</Filter>
    </ClInclude>
    <ClInclude Include="..\common\Honey\Math\Float.h">
      <Filter>Source Files\Math</Filter>
    </ClInclude>
    <ClInclude Include="..\common\Honey\Math\Numeral.h">
      <Filter>Source Files\Math</Filter>
    </ClInclude>
    <ClInclude Include="..\common\Honey\Math\Quad.h">
      <Filter>Source Files\Math</Filter>
    </ClInclude>
    <ClInclude Include="..\common\Honey\Math\Ratio.h">
      <Filter>Source Files\Math</Filter>
    </ClInclude>
    <ClInclude Include="..\common\Honey\Math\Real.h">
      <Filter>Source Files\Math</Filter>
    </ClInclude>
  </ItemGroup>
</Project>