
Microsoft Visual Studio Solution File, Format Version 12.00
# Visual Studio 14
VisualStudioVersion = 14.0.23107.0
MinimumVisualStudioVersion = 10.0.40219.1
Project("{8BC9CEB8-8B4A-11D0-8D11-00A0C91BC942}") = "Honeycomb", "Honeycomb.vcxproj", "{71644EDC-B482-4329-8B48-1A7FBEDA914C}"
EndProject
Project("{8BC9CEB8-8B4A-11D0-8D11-00A0C91BC942}") = "yajl", "..\..\ext\yajl\src\win\yajl.vcxproj", "{0F495494-09C8-4335-8EF7-0C6C9CBC1AB3}"
EndProject
Project("{8BC9CEB8-8B4A-11D0-8D11-00A0C91BC942}") = "blake2", "..\..\ext\blake2\src\win\blake2.vcxproj", "{FAA26500-AF2E-4C27-B7EB-03BAAE424A5A}"
EndProject
Project("{8BC9CEB8-8B4A-11D0-8D11-00A0C91BC942}") = "test", "test\test.vcxproj", "{E4C4FE68-1E36-47CE-BC8E-7415C81F8299}"
EndProject
Global
	GlobalSection(SolutionConfigurationPlatforms) = preSolution
		Debug|x64 = Debug|x64
		Debug|x86 = Debug|x86
		Release|x64 = Release|x64
		Release|x86 = Release|x86
	EndGlobalSection
	GlobalSection(ProjectConfigurationPlatforms) = postSolution
		{71644EDC-B482-4329-8B48-1A7FBEDA914C}.Debug|x64.ActiveCfg = Debug|x64
		{71644EDC-B482-4329-8B48-1A7FBEDA914C}.Debug|x64.Build.0 = Debug|x64
		{71644EDC-B482-4329-8B48-1A7FBEDA914C}.Debug|x86.ActiveCfg = Debug|Win32
		{71644EDC-B482-4329-8B48-1A7FBEDA914C}.Debug|x86.Build.0 = Debug|Win32
		{71644EDC-B482-4329-8B48-1A7FBEDA914C}.Release|x64.ActiveCfg = Release|x64
		{71644EDC-B482-4329-8B48-1A7FBEDA914C}.Release|x64.Build.0 = Release|x64
		{71644EDC-B482-4329-8B48-1A7FBEDA914C}.Release|x86.ActiveCfg = Release|Win32
		{71644EDC-B482-4329-8B48-1A7FBEDA914C}.Release|x86.Build.0 = Release|Win32
		{0F495494-09C8-4335-8EF7-0C6C9CBC1AB3}.Debug|x64.ActiveCfg = Debug|x64
		{0F495494-09C8-4335-8EF7-0C6C9CBC1AB3}.Debug|x64.Build.0 = Debug|x64
		{0F495494-09C8-4335-8EF7-0C6C9CBC1AB3}.Debug|x86.ActiveCfg = Debug|Win32
		{0F495494-09C8-4335-8EF7-0C6C9CBC1AB3}.Debug|x86.Build.0 = Debug|Win32
		{0F495494-09C8-4335-8EF7-0C6C9CBC1AB3}.Release|x64.ActiveCfg = Release|x64
		{0F495494-09C8-4335-8EF7-0C6C9CBC1AB3}.Release|x64.Build.0 = Release|x64
		{0F495494-09C8-4335-8EF7-0C6C9CBC1AB3}.Release|x86.ActiveCfg = Release|Win32
		{0F495494-09C8-4335-8EF7-0C6C9CBC1AB3}.Release|x86.Build.0 = Release|Win32
		{FAA26500-AF2E-4C27-B7EB-03BAAE424A5A}.Debug|x64.ActiveCfg = Debug|x64
		{FAA26500-AF2E-4C27-B7EB-03BAAE424A5A}.Debug|x64.Build.0 = Debug|x64
		{FAA26500-AF2E-4C27-B7EB-03BAAE424A5A}.Debug|x86.ActiveCfg = Debug|Win32
		{FAA26500-AF2E-4C27-B7EB-03BAAE424A5A}.Debug|x86.Build.0 = Debug|Win32
		{FAA26500-AF2E-4C27-B7EB-03BAAE424A5A}.Release|x64.ActiveCfg = Release|x64
		{FAA26500-AF2E-4C27-B7EB-03BAAE424A5A}.Release|x64.Build.0 = Release|x64
		{FAA26500-AF2E-4C27-B7EB-03BAAE424A5A}.Release|x86.ActiveCfg = Release|Win32
		{FAA26500-AF2E-4C27-B7EB-03BAAE424A5A}.Release|x86.Build.0 = Release|Win32
		{E4C4FE68-1E36-47CE-BC8E-7415C81F8299}.Debug|x64.ActiveCfg = Debug|x64
		{E4C4FE68-1E36-47CE-BC8E-7415C81F8299}.Debug|x64.Build.0 = Debug|x64
		{E4C4FE68-1E36-47CE-BC8E-7415C81F8299}.Debug|x86.ActiveCfg = Debug|Win32
		{E4C4FE68-1E36-47CE-BC8E-7415C81F8299}.Debug|x86.Build.0 = Debug|Win32
		{E4C4FE68-1E36-47CE-BC8E-7415C81F8299}.Release|x64.ActiveCfg = Release|x64
		{E4C4FE68-1E36-47CE-BC8E-7415C81F8299}.Release|x64.Build.0 = Release|x64
		{E4C4FE68-1E36-47CE-BC8E-7415C81F8299}.Release|x86.ActiveCfg = Release|Win32
		{E4C4FE68-1E36-47CE-BC8E-7415C81F8299}.Release|x86.Build.0 = Release|Win32
	EndGlobalSection
	GlobalSection(SolutionProperties) = preSolution
		HideSolutionNode = FALSE
	EndGlobalSection
EndGlobal
